
Microsoft Visual Studio Solution File, Format Version 12.00
# Visual Studio Version 17
VisualStudioVersion = 17.13.35825.156 d17.13
MinimumVisualStudioVersion = 10.0.40219.1
Project("{FAE04EC0-301F-11D3-BF4B-00C04F79EFBC}") = "JoinTasks", "JoinTasks.csproj", "{7CC8CA0C-30AD-48B7-AD52-C7B819F9162B}"
EndProject
Global
	GlobalSection(SolutionConfigurationPlatforms) = preSolution
		Debug|Any CPU = Debug|Any CPU
		Release|Any CPU = Release|Any CPU
	EndGlobalSection
	GlobalSection(ProjectConfigurationPlatforms) = postSolution
		{7CC8CA0C-30AD-48B7-AD52-C7B819F9162B}.Debug|Any CPU.ActiveCfg = Debug|Any CPU
		{7CC8CA0C-30AD-48B7-AD52-C7B819F9162B}.Debug|Any CPU.Build.0 = Debug|Any CPU
		{7CC8CA0C-30AD-48B7-AD52-C7B819F9162B}.Release|Any CPU.ActiveCfg = Release|Any CPU
		{7CC8CA0C-30AD-48B7-AD52-C7B819F9162B}.Release|Any CPU.Build.0 = Release|Any CPU
	EndGlobalSection
	GlobalSection(SolutionProperties) = preSolution
		HideSolutionNode = FALSE
	EndGlobalSection
	GlobalSection(ExtensibilityGlobals) = postSolution
		SolutionGuid = {88DC146E-3DCF-41E9-B12C-28EDB45B9E4C}
	EndGlobalSection
EndGlobal
