
Microsoft Visual Studio Solution File, Format Version 12.00
# Visual Studio Version 17
VisualStudioVersion = 17.13.35825.156 d17.13
MinimumVisualStudioVersion = 10.0.40219.1
Project("{FAE04EC0-301F-11D3-BF4B-00C04F79EFBC}") = "JoinTasks", "JoinTasks.csproj", "{064E6D53-B1C1-4EAD-81C4-B0C7F7FCDD1C}"
EndProject
Global
	GlobalSection(SolutionConfigurationPlatforms) = preSolution
		Debug|Any CPU = Debug|Any CPU
		Release|Any CPU = Release|Any CPU
	EndGlobalSection
	GlobalSection(ProjectConfigurationPlatforms) = postSolution
		{064E6D53-B1C1-4EAD-81C4-B0C7F7FCDD1C}.Debug|Any CPU.ActiveCfg = Debug|Any CPU
		{064E6D53-B1C1-4EAD-81C4-B0C7F7FCDD1C}.Debug|Any CPU.Build.0 = Debug|Any CPU
		{064E6D53-B1C1-4EAD-81C4-B0C7F7FCDD1C}.Release|Any CPU.ActiveCfg = Release|Any CPU
		{064E6D53-B1C1-4EAD-81C4-B0C7F7FCDD1C}.Release|Any CPU.Build.0 = Release|Any CPU
	EndGlobalSection
	GlobalSection(SolutionProperties) = preSolution
		HideSolutionNode = FALSE
	EndGlobalSection
	GlobalSection(ExtensibilityGlobals) = postSolution
		SolutionGuid = {18AC59D2-00D6-449B-9FD0-EF731CA78049}
	EndGlobalSection
EndGlobal
